<?xml version="1.0" encoding="utf-8"?>
<Project ToolsVersion="4.0" xmlns="http://schemas.microsoft.com/developer/msbuild/2003">
  <ItemGroup>
    <Filter Include="Source Files">
      <UniqueIdentifier>{4FC737F1-C7A5-4376-A066-2A32D752A2FF}</UniqueIdentifier>
      <Extensions>cpp;c;cc;cxx;def;odl;idl;hpj;bat;asm;asmx</Extensions>
    </Filter>
    <Filter Include="Header Files">
      <UniqueIdentifier>{93995380-89BD-4b04-88EB-625FBE52EBFB}</UniqueIdentifier>
      <Extensions>h;hh;hpp;hxx;hm;inl;inc;xsd</Extensions>
    </Filter>
    <Filter Include="Resource Files">
      <UniqueIdentifier>{67DA6AB6-F800-4c08-8B7A-83BB121AAD01}</UniqueIdentifier>
      <Extensions>rc;ico;cur;bmp;dlg;rc2;rct;bin;rgs;gif;jpg;jpeg;jpe;resx;tiff;tif;png;wav;mfcribbon-ms</Extensions>
    </Filter>
    <Filter Include="Html">
      <UniqueIdentifier>{ce78174e-082e-4e84-a712-c8c1358da572}</UniqueIdentifier>
    </Filter>
  </ItemGroup>
  <ItemGroup>
    <None Include="sketch_openControl.ino" />
    <None Include="multibeaming.ino" />
    <None Include="stack2ant.ino" />
    <None Include="stack3ant.ino" />
    <None Include="openControl\c.css">
      <Filter>Html</Filter>
    </None>
    <None Include="openControl\c.js">
      <Filter>Html</Filter>
    </None>
    <None Include="openControl\cm.js">
      <Filter>Html</Filter>
    </None>
    <None Include="openControl\cs2.js">
      <Filter>Html</Filter>
    </None>
    <None Include="openControl\cs3.js">
      <Filter>Html</Filter>
    </None>
    <None Include="openControl\index.html">
      <Filter>Html</Filter>
    </None>
    <None Include="openControl\index_old.html">
      <Filter>Html</Filter>
    </None>
    <None Include="vsj2w.ino" />
    <None Include="openControl\sj2w_cs3.js" />
    <None Include="openControl\sj2w_cm.js" />
    <None Include="openControl\open_control_libs.zip">
      <Filter>Html</Filter>
    </None>
  </ItemGroup>
  <ItemGroup>
    <ClInclude Include="Visual Micro\.sketch_openControl.vsarduino.h">
      <Filter>Header Files</Filter>
    </ClInclude>
    <ClInclude Include="__vm\.openControl.vsarduino.h">
      <Filter>Header Files</Filter>
    </ClInclude>
    <ClInclude Include="__vm\.sketch_openControl.vsarduino.h">
      <Filter>Header Files</Filter>
    </ClInclude>
  </ItemGroup>
  <ItemGroup>
    <Image Include="openControl\multi.png">
      <Filter>Html</Filter>
    </Image>
    <Image Include="openControl\stack.png">
      <Filter>Html</Filter>
    </Image>
  </ItemGroup>
  <ItemGroup>
    <Text Include="openControl\libraries_info.txt">
      <Filter>Html</Filter>
    </Text>
  </ItemGroup>
</Project>